{
  "name": "php-template-engine-v2",
  "version": "1.0.0",
  "lockfileVersion": 2,
  "requires": true,
  "packages": {
    "": {
      "name": "php-template-engine-v2",
      "version": "1.0.0",
      "license": "ISC",
      "dependencies": {
        "ts-parser-combinator": "github:Chris022/ts-parser-combinator"
      }
    },
    "node_modules/ts-parser-combinator": {
      "version": "1.0.0",
      "resolved": "git+ssh://git@github.com/Chris022/ts-parser-combinator.git#d624e9a6d61003ec824ca2ae4a347e9b4c0b03a1",
      "license": "ISC",
      "dependencies": {
        "typescript": "^4.9.4"
      }
    },
    "node_modules/typescript": {
      "version": "4.9.4",
      "resolved": "https://registry.npmjs.org/typescript/-/typescript-4.9.4.tgz",
      "integrity": "sha512-Uz+dTXYzxXXbsFpM86Wh3dKCxrQqUcVMxwU54orwlJjOpO3ao8L7j5lH+dWfTwgCwIuM9GQ2kvVotzYJMXTBZg==",
      "bin": {
        "tsc": "bin/tsc",
        "tsserver": "bin/tsserver"
      },
      "engines": {
        "node": ">=4.2.0"
      }
    }
  },
  "dependencies": {
    "ts-parser-combinator": {
      "version": "git+ssh://git@github.com/Chris022/ts-parser-combinator.git#d624e9a6d61003ec824ca2ae4a347e9b4c0b03a1",
      "from": "ts-parser-combinator@https://github.com/Chris022/ts-parser-combinator",
      "requires": {
        "typescript": "^4.9.4"
      }
    },
    "typescript": {
      "version": "4.9.4",
      "resolved": "https://registry.npmjs.org/typescript/-/typescript-4.9.4.tgz",
      "integrity": "sha512-Uz+dTXYzxXXbsFpM86Wh3dKCxrQqUcVMxwU54orwlJjOpO3ao8L7j5lH+dWfTwgCwIuM9GQ2kvVotzYJMXTBZg=="
    }
  }
}
